
Microsoft Visual Studio Solution File, Format Version 12.00
# Visual Studio Version 16
VisualStudioVersion = 16.0.31702.278
MinimumVisualStudioVersion = 10.0.40219.1
Project("{FAE04EC0-301F-11D3-BF4B-00C04F79EFBC}") = "HomeworkOOP1.0", "HomeworkOOP1.0.csproj", "{0C169019-2643-4148-902D-4EBF11EB349B}"
EndProject
Project("{FAE04EC0-301F-11D3-BF4B-00C04F79EFBC}") = "HomeworkOOP2", "..\HomeworkOOP2\HomeworkOOP2.csproj", "{94A6ECDE-DB91-4D10-9746-975003229C85}"
EndProject
Global
	GlobalSection(SolutionConfigurationPlatforms) = preSolution
		Debug|Any CPU = Debug|Any CPU
		Release|Any CPU = Release|Any CPU
	EndGlobalSection
	GlobalSection(ProjectConfigurationPlatforms) = postSolution
		{0C169019-2643-4148-902D-4EBF11EB349B}.Debug|Any CPU.ActiveCfg = Debug|Any CPU
		{0C169019-2643-4148-902D-4EBF11EB349B}.Debug|Any CPU.Build.0 = Debug|Any CPU
		{0C169019-2643-4148-902D-4EBF11EB349B}.Release|Any CPU.ActiveCfg = Release|Any CPU
		{0C169019-2643-4148-902D-4EBF11EB349B}.Release|Any CPU.Build.0 = Release|Any CPU
		{94A6ECDE-DB91-4D10-9746-975003229C85}.Debug|Any CPU.ActiveCfg = Debug|Any CPU
		{94A6ECDE-DB91-4D10-9746-975003229C85}.Debug|Any CPU.Build.0 = Debug|Any CPU
		{94A6ECDE-DB91-4D10-9746-975003229C85}.Release|Any CPU.ActiveCfg = Release|Any CPU
		{94A6ECDE-DB91-4D10-9746-975003229C85}.Release|Any CPU.Build.0 = Release|Any CPU
	EndGlobalSection
	GlobalSection(SolutionProperties) = preSolution
		HideSolutionNode = FALSE
	EndGlobalSection
	GlobalSection(ExtensibilityGlobals) = postSolution
		SolutionGuid = {D7EBE9CC-E693-493F-9DF3-C6E460F50DDF}
	EndGlobalSection
EndGlobal
